
Microsoft Visual Studio Solution File, Format Version 12.00
# Visual Studio Version 17
VisualStudioVersion = 17.1.32407.343
MinimumVisualStudioVersion = 10.0.40219.1
Project("{FAE04EC0-301F-11D3-BF4B-00C04F79EFBC}") = "RoR2_bHaptics", "RoR2\RoR2_bHaptics.csproj", "{1A1EDFC3-6013-472E-888A-F0AC97224B40}"
EndProject
Global
	GlobalSection(SolutionConfigurationPlatforms) = preSolution
		Debug|Any CPU = Debug|Any CPU
		Release|Any CPU = Release|Any CPU
	EndGlobalSection
	GlobalSection(ProjectConfigurationPlatforms) = postSolution
		{1A1EDFC3-6013-472E-888A-F0AC97224B40}.Debug|Any CPU.ActiveCfg = Debug|Any CPU
		{1A1EDFC3-6013-472E-888A-F0AC97224B40}.Debug|Any CPU.Build.0 = Debug|Any CPU
		{1A1EDFC3-6013-472E-888A-F0AC97224B40}.Release|Any CPU.ActiveCfg = Release|Any CPU
		{1A1EDFC3-6013-472E-888A-F0AC97224B40}.Release|Any CPU.Build.0 = Release|Any CPU
	EndGlobalSection
	GlobalSection(SolutionProperties) = preSolution
		HideSolutionNode = FALSE
	EndGlobalSection
	GlobalSection(ExtensibilityGlobals) = postSolution
		SolutionGuid = {3BBB6A88-68E7-4BFA-A554-BC3A3213C4FC}
	EndGlobalSection
EndGlobal
